# THIS IS AN AUTOGENERATED FILE. DO NOT EDIT THIS FILE DIRECTLY.
# yarn lockfile v1


"@nap5/use-clude@^1.0.0":
  version "1.0.0"
  resolved "https://registry.yarnpkg.com/@nap5/use-clude/-/use-clude-1.0.0.tgz#540937f02ba85f03c8c97df9722f36c23e4be74e"
  integrity sha512-vfH3rf0ILlpjl49uwjk2AGcM5spequwmtNwHCNTeJdjg8LDhkAZW+o2cfUcBWBi0lRvOh343/KMt4FXWtoJswA==
  dependencies:
    zod "^3.19.1"

zod@^3.19.1:
  version "3.19.1"
  resolved "https://registry.yarnpkg.com/zod/-/zod-3.19.1.tgz#112f074a97b50bfc4772d4ad1576814bd8ac4473"
  integrity sha512-LYjZsEDhCdYET9ikFu6dVPGp2YH9DegXjdJToSzD9rO6fy4qiRYFoyEYwps88OseJlPyl2NOe2iJuhEhL7IpEA==
